
Microsoft Visual Studio Solution File, Format Version 12.00
# Visual Studio Version 17
VisualStudioVersion = 17.13.35931.197 d17.13
MinimumVisualStudioVersion = 10.0.40219.1
Project("{FAE04EC0-301F-11D3-BF4B-00C04F79EFBC}") = "TradingApplication", "TradingApplication\TradingApplication.csproj", "{F1519923-D4AA-4DFE-B539-BC1948600547}"
EndProject
Global
	GlobalSection(SolutionConfigurationPlatforms) = preSolution
		Debug|Any CPU = Debug|Any CPU
		Release|Any CPU = Release|Any CPU
	EndGlobalSection
	GlobalSection(ProjectConfigurationPlatforms) = postSolution
		{F1519923-D4AA-4DFE-B539-BC1948600547}.Debug|Any CPU.ActiveCfg = Debug|Any CPU
		{F1519923-D4AA-4DFE-B539-BC1948600547}.Debug|Any CPU.Build.0 = Debug|Any CPU
		{F1519923-D4AA-4DFE-B539-BC1948600547}.Release|Any CPU.ActiveCfg = Release|Any CPU
		{F1519923-D4AA-4DFE-B539-BC1948600547}.Release|Any CPU.Build.0 = Release|Any CPU
	EndGlobalSection
	GlobalSection(SolutionProperties) = preSolution
		HideSolutionNode = FALSE
	EndGlobalSection
	GlobalSection(ExtensibilityGlobals) = postSolution
		SolutionGuid = {AABAA4D8-D6AD-4AA3-B320-F3D5D9546537}
	EndGlobalSection
EndGlobal
